// !$*UTF8*$!
{
	archiveVersion = 1;
	classes = {
	};
	objectVersion = 50;
	objects = {

/* Begin PBXBuildFile section */
		A515FF6E2211CD2B0021267B /* AppDelegate.swift in Sources */ = {isa = PBXBuildFile; fileRef = A515FF6D2211CD2B0021267B /* AppDelegate.swift */; };
		A515FF702211CD2B0021267B /* ViewController.swift in Sources */ = {isa = PBXBuildFile; fileRef = A515FF6F2211CD2B0021267B /* ViewController.swift */; };
		A515FF732211CD2B0021267B /* Main.storyboard in Resources */ = {isa = PBXBuildFile; fileRef = A515FF712211CD2B0021267B /* Main.storyboard */; };
		A515FF752211CD2C0021267B /* Assets.xcassets in Resources */ = {isa = PBXBuildFile; fileRef = A515FF742211CD2C0021267B /* Assets.xcassets */; };
		A515FF782211CD2C0021267B /* LaunchScreen.storyboard in Resources */ = {isa = PBXBuildFile; fileRef = A515FF762211CD2C0021267B /* LaunchScreen.storyboard */; };
		A515FF832211CD2C0021267B /* MoonPhasesTests.swift in Sources */ = {isa = PBXBuildFile; fileRef = A515FF822211CD2C0021267B /* MoonPhasesTests.swift */; };
/* End PBXBuildFile section */

/* Begin PBXContainerItemProxy section */
		A515FF7F2211CD2C0021267B /* PBXContainerItemProxy */ = {
			isa = PBXContainerItemProxy;
			containerPortal = A515FF622211CD2B0021267B /* Project object */;
			proxyType = 1;
			remoteGlobalIDString = A515FF692211CD2B0021267B;
			remoteInfo = MoonPhases;
		};
/* End PBXContainerItemProxy section */

/* Begin PBXFileReference section */
		A515FF6A2211CD2B0021267B /* MoonPhases.app */ = {isa = PBXFileReference; explicitFileType = wrapper.application; includeInIndex = 0; path = MoonPhases.app; sourceTree = BUILT_PRODUCTS_DIR; };
		A515FF6D2211CD2B0021267B /* AppDelegate.swift */ = {isa = PBXFileReference; lastKnownFileType = sourcecode.swift; path = AppDelegate.swift; sourceTree = "<group>"; };
		A515FF6F2211CD2B0021267B /* ViewController.swift */ = {isa = PBXFileReference; lastKnownFileType = sourcecode.swift; path = ViewController.swift; sourceTree = "<group>"; };
		A515FF722211CD2B0021267B /* Base */ = {isa = PBXFileReference; lastKnownFileType = file.storyboard; name = Base; path = Base.lproj/Main.storyboard; sourceTree = "<group>"; };
		A515FF742211CD2C0021267B /* Assets.xcassets */ = {isa = PBXFileReference; lastKnownFileType = folder.assetcatalog; path = Assets.xcassets; sourceTree = "<group>"; };
		A515FF772211CD2C0021267B /* Base */ = {isa = PBXFileReference; lastKnownFileType = file.storyboard; name = Base; path = Base.lproj/LaunchScreen.storyboard; sourceTree = "<group>"; };
		A515FF792211CD2C0021267B /* Info.plist */ = {isa = PBXFileReference; lastKnownFileType = text.plist.xml; path = Info.plist; sourceTree = "<group>"; };
		A515FF7E2211CD2C0021267B /* MoonPhasesTests.xctest */ = {isa = PBXFileReference; explicitFileType = wrapper.cfbundle; includeInIndex = 0; path = MoonPhasesTests.xctest; sourceTree = BUILT_PRODUCTS_DIR; };
		A515FF822211CD2C0021267B /* MoonPhasesTests.swift */ = {isa = PBXFileReference; lastKnownFileType = sourcecode.swift; path = MoonPhasesTests.swift; sourceTree = "<group>"; };
		A515FF842211CD2C0021267B /* Info.plist */ = {isa = PBXFileReference; lastKnownFileType = text.plist.xml; path = Info.plist; sourceTree = "<group>"; };
/* End PBXFileReference section */

/* Begin PBXFrameworksBuildPhase section */
		A515FF672211CD2B0021267B /* Frameworks */ = {
			isa = PBXFrameworksBuildPhase;
			buildActionMask = 2147483647;
			files = (
			);
			runOnlyForDeploymentPostprocessing = 0;
		};
		A515FF7B2211CD2C0021267B /* Frameworks */ = {
			isa = PBXFrameworksBuildPhase;
			buildActionMask = 2147483647;
			files = (
			);
			runOnlyForDeploymentPostprocessing = 0;
		};
/* End PBXFrameworksBuildPhase section */

/* Begin PBXGroup section */
		A515FF612211CD2B0021267B = {
			isa = PBXGroup;
			children = (
				A515FF6C2211CD2B0021267B /* MoonPhases */,
				A515FF812211CD2C0021267B /* MoonPhasesTests */,
				A515FF6B2211CD2B0021267B /* Products */,
			);
			sourceTree = "<group>";
		};
		A515FF6B2211CD2B0021267B /* Products */ = {
			isa = PBXGroup;
			children = (
				A515FF6A2211CD2B0021267B /* MoonPhases.app */,
				A515FF7E2211CD2C0021267B /* MoonPhasesTests.xctest */,
			);
			name = Products;
			sourceTree = "<group>";
		};
		A515FF6C2211CD2B0021267B /* MoonPhases */ = {
			isa = PBXGroup;
			children = (
				A515FF6D2211CD2B0021267B /* AppDelegate.swift */,
				A515FF6F2211CD2B0021267B /* ViewController.swift */,
				A515FF712211CD2B0021267B /* Main.storyboard */,
				A515FF742211CD2C0021267B /* Assets.xcassets */,
				A515FF762211CD2C0021267B /* LaunchScreen.storyboard */,
				A515FF792211CD2C0021267B /* Info.plist */,
			);
			path = MoonPhases;
			sourceTree = "<group>";
		};
		A515FF812211CD2C0021267B /* MoonPhasesTests */ = {
			isa = PBXGroup;
			children = (
				A515FF822211CD2C0021267B /* MoonPhasesTests.swift */,
				A515FF842211CD2C0021267B /* Info.plist */,
			);
			path = MoonPhasesTests;
			sourceTree = "<group>";
		};
/* End PBXGroup section */

/* Begin PBXNativeTarget section */
		A515FF692211CD2B0021267B /* MoonPhases */ = {
			isa = PBXNativeTarget;
			buildConfigurationList = A515FF872211CD2C0021267B /* Build configuration list for PBXNativeTarget "MoonPhases" */;
			buildPhases = (
				A515FF662211CD2B0021267B /* Sources */,
				A515FF672211CD2B0021267B /* Frameworks */,
				A515FF682211CD2B0021267B /* Resources */,
			);
			buildRules = (
			);
			dependencies = (
			);
			name = MoonPhases;
			productName = MoonPhases;
			productReference = A515FF6A2211CD2B0021267B /* MoonPhases.app */;
			productType = "com.apple.product-type.application";
		};
		A515FF7D2211CD2C0021267B /* MoonPhasesTests */ = {
			isa = PBXNativeTarget;
			buildConfigurationList = A515FF8A2211CD2C0021267B /* Build configuration list for PBXNativeTarget "MoonPhasesTests" */;
			buildPhases = (
				A515FF7A2211CD2C0021267B /* Sources */,
				A515FF7B2211CD2C0021267B /* Frameworks */,
				A515FF7C2211CD2C0021267B /* Resources */,
			);
			buildRules = (
			);
			dependencies = (
				A515FF802211CD2C0021267B /* PBXTargetDependency */,
			);
			name = MoonPhasesTests;
			productName = MoonPhasesTests;
			productReference = A515FF7E2211CD2C0021267B /* MoonPhasesTests.xctest */;
			productType = "com.apple.product-type.bundle.unit-test";
		};
/* End PBXNativeTarget section */

/* Begin PBXProject section */
		A515FF622211CD2B0021267B /* Project object */ = {
			isa = PBXProject;
			attributes = {
				LastSwiftUpdateCheck = 1010;
				LastUpgradeCheck = 1010;
				ORGANIZATIONNAME = luckypines;
				TargetAttributes = {
					A515FF692211CD2B0021267B = {
						CreatedOnToolsVersion = 10.1;
					};
					A515FF7D2211CD2C0021267B = {
						CreatedOnToolsVersion = 10.1;
						TestTargetID = A515FF692211CD2B0021267B;
					};
				};
			};
			buildConfigurationList = A515FF652211CD2B0021267B /* Build configuration list for PBXProject "MoonPhases" */;
			compatibilityVersion = "Xcode 9.3";
			developmentRegion = en;
			hasScannedForEncodings = 0;
			knownRegions = (
				en,
				Base,
			);
			mainGroup = A515FF612211CD2B0021267B;
			productRefGroup = A515FF6B2211CD2B0021267B /* Products */;
			projectDirPath = "";
			projectRoot = "";
			targets = (
				A515FF692211CD2B0021267B /* MoonPhases */,
				A515FF7D2211CD2C0021267B /* MoonPhasesTests */,
			);
		};
/* End PBXProject section */

/* Begin PBXResourcesBuildPhase section */
		A515FF682211CD2B0021267B /* Resources */ = {
			isa = PBXResourcesBuildPhase;
			buildActionMask = 2147483647;
			files = (
				A515FF782211CD2C0021267B /* LaunchScreen.storyboard in Resources */,
				A515FF752211CD2C0021267B /* Assets.xcassets in Resources */,
				A515FF732211CD2B0021267B /* Main.storyboard in Resources */,
			);
			runOnlyForDeploymentPostprocessing = 0;
		};
		A515FF7C2211CD2C0021267B /* Resources */ = {
			isa = PBXResourcesBuildPhase;
			buildActionMask = 2147483647;
			files = (
			);
			runOnlyForDeploymentPostprocessing = 0;
		};
/* End PBXResourcesBuildPhase section */

/* Begin PBXSourcesBuildPhase section */
		A515FF662211CD2B0021267B /* Sources */ = {
			isa = PBXSourcesBuildPhase;
			buildActionMask = 2147483647;
			files = (
				A515FF702211CD2B0021267B /* ViewController.swift in Sources */,
				A515FF6E2211CD2B0021267B /* AppDelegate.swift in Sources */,
			);
			runOnlyForDeploymentPostprocessing = 0;
		};
		A515FF7A2211CD2C0021267B /* Sources */ = {
			isa = PBXSourcesBuildPhase;
			buildActionMask = 2147483647;
			files = (
				A515FF832211CD2C0021267B /* MoonPhasesTests.swift in Sources */,
			);
			runOnlyForDeploymentPostprocessing = 0;
		};
/* End PBXSourcesBuildPhase section */

/* Begin PBXTargetDependency section */
		A515FF802211CD2C0021267B /* PBXTargetDependency */ = {
			isa = PBXTargetDependency;
			target = A515FF692211CD2B0021267B /* MoonPhases */;
			targetProxy = A515FF7F2211CD2C0021267B /* PBXContainerItemProxy */;
		};
/* End PBXTargetDependency section */

/* Begin PBXVariantGroup section */
		A515FF712211CD2B0021267B /* Main.storyboard */ = {
			isa = PBXVariantGroup;
			children = (
				A515FF722211CD2B0021267B /* Base */,
			);
			name = Main.storyboard;
			sourceTree = "<group>";
		};
		A515FF762211CD2C0021267B /* LaunchScreen.storyboard */ = {
			isa = PBXVariantGroup;
			children = (
				A515FF772211CD2C0021267B /* Base */,
			);
			name = LaunchScreen.storyboard;
			sourceTree = "<group>";
		};
/* End PBXVariantGroup section */

/* Begin XCBuildConfiguration section */
		A515FF852211CD2C0021267B /* Debug */ = {
			isa = XCBuildConfiguration;
			buildSettings = {
				ALWAYS_SEARCH_USER_PATHS = NO;
				CLANG_ANALYZER_NONNULL = YES;
				CLANG_ANALYZER_NUMBER_OBJECT_CONVERSION = YES_AGGRESSIVE;
				CLANG_CXX_LANGUAGE_STANDARD = "gnu++14";
				CLANG_CXX_LIBRARY = "libc++";
				CLANG_ENABLE_MODULES = YES;
				CLANG_ENABLE_OBJC_ARC = YES;
				CLANG_ENABLE_OBJC_WEAK = YES;
				CLANG_WARN_BLOCK_CAPTURE_AUTORELEASING = YES;
				CLANG_WARN_BOOL_CONVERSION = YES;
				CLANG_WARN_COMMA = YES;
				CLANG_WARN_CONSTANT_CONVERSION = YES;
				CLANG_WARN_DEPRECATED_OBJC_IMPLEMENTATIONS = YES;
				CLANG_WARN_DIRECT_OBJC_ISA_USAGE = YES_ERROR;
				CLANG_WARN_DOCUMENTATION_COMMENTS = YES;
				CLANG_WARN_EMPTY_BODY = YES;
				CLANG_WARN_ENUM_CONVERSION = YES;
				CLANG_WARN_INFINITE_RECURSION = YES;
				CLANG_WARN_INT_CONVERSION = YES;
				CLANG_WARN_NON_LITERAL_NULL_CONVERSION = YES;
				CLANG_WARN_OBJC_IMPLICIT_RETAIN_SELF = YES;
				CLANG_WARN_OBJC_LITERAL_CONVERSION = YES;
				CLANG_WARN_OBJC_ROOT_CLASS = YES_ERROR;
				CLANG_WARN_RANGE_LOOP_ANALYSIS = YES;
				CLANG_WARN_STRICT_PROTOTYPES = YES;
				CLANG_WARN_SUSPICIOUS_MOVE = YES;
				CLANG_WARN_UNGUARDED_AVAILABILITY = YES_AGGRESSIVE;
				CLANG_WARN_UNREACHABLE_CODE = YES;
				CLANG_WARN__DUPLICATE_METHOD_MATCH = YES;
				CODE_SIGN_IDENTITY = "iPhone Developer";
				COPY_PHASE_STRIP = NO;
				DEBUG_INFORMATION_FORMAT = dwarf;
				ENABLE_STRICT_OBJC_MSGSEND = YES;
				ENABLE_TESTABILITY = YES;
				GCC_C_LANGUAGE_STANDARD = gnu11;
				GCC_DYNAMIC_NO_PIC = NO;
				GCC_NO_COMMON_BLOCKS = YES;
				GCC_OPTIMIZATION_LEVEL = 0;
				GCC_PREPROCESSOR_DEFINITIONS = (
					"DEBUG=1",
					"$(inherited)",
				);
				GCC_WARN_64_TO_32_BIT_CONVERSION = YES;
				GCC_WARN_ABOUT_RETURN_TYPE = YES_ERROR;
				GCC_WARN_UNDECLARED_SELECTOR = YES;
				GCC_WARN_UNINITIALIZED_AUTOS = YES_AGGRESSIVE;
				GCC_WARN_UNUSED_FUNCTION = YES;
				GCC_WARN_UNUSED_VARIABLE = YES;
				IPHONEOS_DEPLOYMENT_TARGET = 12.1;
				MTL_ENABLE_DEBUG_INFO = INCLUDE_SOURCE;
				MTL_FAST_MATH = YES;
				ONLY_ACTIVE_ARCH = YES;
				SDKROOT = iphoneos;
				SWIFT_ACTIVE_COMPILATION_CONDITIONS = DEBUG;
				SWIFT_OPTIMIZATION_LEVEL = "-Onone";
			};
			name = Debug;
		};
		A515FF862211CD2C0021267B /* Release */ = {
			isa = XCBuildConfiguration;
			buildSettings = {
				ALWAYS_SEARCH_USER_PATHS = NO;
				CLANG_ANALYZER_NONNULL = YES;
				CLANG_ANALYZER_NUMBER_OBJECT_CONVERSION = YES_AGGRESSIVE;
				CLANG_CXX_LANGUAGE_STANDARD = "gnu++14";
				CLANG_CXX_LIBRARY = "libc++";
				CLANG_ENABLE_MODULES = YES;
				CLANG_ENABLE_OBJC_ARC = YES;
				CLANG_ENABLE_OBJC_WEAK = YES;
				CLANG_WARN_BLOCK_CAPTURE_AUTORELEASING = YES;
				CLANG_WARN_BOOL_CONVERSION = YES;
				CLANG_WARN_COMMA = YES;
				CLANG_WARN_CONSTANT_CONVERSION = YES;
				CLANG_WARN_DEPRECATED_OBJC_IMPLEMENTATIONS = YES;
				CLANG_WARN_DIRECT_OBJC_ISA_USAGE = YES_ERROR;
				CLANG_WARN_DOCUMENTATION_COMMENTS = YES;
				CLANG_WARN_EMPTY_BODY = YES;
				CLANG_WARN_ENUM_CONVERSION = YES;
				CLANG_WARN_INFINITE_RECURSION = YES;
				CLANG_WARN_INT_CONVERSION = YES;
				CLANG_WARN_NON_LITERAL_NULL_CONVERSION = YES;
				CLANG_WARN_OBJC_IMPLICIT_RETAIN_SELF = YES;
				CLANG_WARN_OBJC_LITERAL_CONVERSION = YES;
				CLANG_WARN_OBJC_ROOT_CLASS = YES_ERROR;
				CLANG_WARN_RANGE_LOOP_ANALYSIS = YES;
				CLANG_WARN_STRICT_PROTOTYPES = YES;
				CLANG_WARN_SUSPICIOUS_MOVE = YES;
				CLANG_WARN_UNGUARDED_AVAILABILITY = YES_AGGRESSIVE;
				CLANG_WARN_UNREACHABLE_CODE = YES;
				CLANG_WARN__DUPLICATE_METHOD_MATCH = YES;
				CODE_SIGN_IDENTITY = "iPhone Developer";
				COPY_PHASE_STRIP = NO;
				DEBUG_INFORMATION_FORMAT = "dwarf-with-dsym";
				ENABLE_NS_ASSERTIONS = NO;
				ENABLE_STRICT_OBJC_MSGSEND = YES;
				GCC_C_LANGUAGE_STANDARD = gnu11;
				GCC_NO_COMMON_BLOCKS = YES;
				GCC_WARN_64_TO_32_BIT_CONVERSION = YES;
				GCC_WARN_ABOUT_RETURN_TYPE = YES_ERROR;
				GCC_WARN_UNDECLARED_SELECTOR = YES;
				GCC_WARN_UNINITIALIZED_AUTOS = YES_AGGRESSIVE;
				GCC_WARN_UNUSED_FUNCTION = YES;
				GCC_WARN_UNUSED_VARIABLE = YES;
				IPHONEOS_DEPLOYMENT_TARGET = 12.1;
				MTL_ENABLE_DEBUG_INFO = NO;
				MTL_FAST_MATH = YES;
				SDKROOT = iphoneos;
				SWIFT_COMPILATION_MODE = wholemodule;
				SWIFT_OPTIMIZATION_LEVEL = "-O";
				VALIDATE_PRODUCT = YES;
			};
			name = Release;
		};
		A515FF882211CD2C0021267B /* Debug */ = {
			isa = XCBuildConfiguration;
			buildSettings = {
				ASSETCATALOG_COMPILER_APPICON_NAME = AppIcon;
				CODE_SIGN_STYLE = Automatic;
				DEVELOPMENT_TEAM = AT4S33K9A7;
				INFOPLIST_FILE = MoonPhases/Info.plist;
				LD_RUNPATH_SEARCH_PATHS = (
					"$(inherited)",
					"@executable_path/Frameworks",
				);
				PRODUCT_BUNDLE_IDENTIFIER = com.luckypines.ios.MoonPhases;
				PRODUCT_NAME = "$(TARGET_NAME)";
				SWIFT_VERSION = 4.2;
				TARGETED_DEVICE_FAMILY = "1,2";
			};
			name = Debug;
		};
		A515FF892211CD2C0021267B /* Release */ = {
			isa = XCBuildConfiguration;
			buildSettings = {
				ASSETCATALOG_COMPILER_APPICON_NAME = AppIcon;
				CODE_SIGN_STYLE = Automatic;
				DEVELOPMENT_TEAM = AT4S33K9A7;
				INFOPLIST_FILE = MoonPhases/Info.plist;
				LD_RUNPATH_SEARCH_PATHS = (
					"$(inherited)",
					"@executable_path/Frameworks",
				);
				PRODUCT_BUNDLE_IDENTIFIER = com.luckypines.ios.MoonPhases;
				PRODUCT_NAME = "$(TARGET_NAME)";
				SWIFT_VERSION = 4.2;
				TARGETED_DEVICE_FAMILY = "1,2";
			};
			name = Release;
		};
		A515FF8B2211CD2C0021267B /* Debug */ = {
			isa = XCBuildConfiguration;
			buildSettings = {
				ALWAYS_EMBED_SWIFT_STANDARD_LIBRARIES = YES;
				BUNDLE_LOADER = "$(TEST_HOST)";
				CODE_SIGN_STYLE = Automatic;
				DEVELOPMENT_TEAM = AT4S33K9A7;
				INFOPLIST_FILE = MoonPhasesTests/Info.plist;
				LD_RUNPATH_SEARCH_PATHS = (
					"$(inherited)",
					"@executable_path/Frameworks",
					"@loader_path/Frameworks",
				);
				PRODUCT_BUNDLE_IDENTIFIER = com.luckypines.ios.MoonPhasesTests;
				PRODUCT_NAME = "$(TARGET_NAME)";
				SWIFT_VERSION = 4.2;
				TARGETED_DEVICE_FAMILY = "1,2";
				TEST_HOST = "$(BUILT_PRODUCTS_DIR)/MoonPhases.app/MoonPhases";
			};
			name = Debug;
		};
		A515FF8C2211CD2C0021267B /* Release */ = {
			isa = XCBuildConfiguration;
			buildSettings = {
				ALWAYS_EMBED_SWIFT_STANDARD_LIBRARIES = YES;
				BUNDLE_LOADER = "$(TEST_HOST)";
				CODE_SIGN_STYLE = Automatic;
				DEVELOPMENT_TEAM = AT4S33K9A7;
				INFOPLIST_FILE = MoonPhasesTests/Info.plist;
				LD_RUNPATH_SEARCH_PATHS = (
					"$(inherited)",
					"@executable_path/Frameworks",
					"@loader_path/Frameworks",
				);
				PRODUCT_BUNDLE_IDENTIFIER = com.luckypines.ios.MoonPhasesTests;
				PRODUCT_NAME = "$(TARGET_NAME)";
				SWIFT_VERSION = 4.2;
				TARGETED_DEVICE_FAMILY = "1,2";
				TEST_HOST = "$(BUILT_PRODUCTS_DIR)/MoonPhases.app/MoonPhases";
			};
			name = Release;
		};
/* End XCBuildConfiguration section */

/* Begin XCConfigurationList section */
		A515FF652211CD2B0021267B /* Build configuration list for PBXProject "MoonPhases" */ = {
			isa = XCConfigurationList;
			buildConfigurations = (
				A515FF852211CD2C0021267B /* Debug */,
				A515FF862211CD2C0021267B /* Release */,
			);
			defaultConfigurationIsVisible = 0;
			defaultConfigurationName = Release;
		};
		A515FF872211CD2C0021267B /* Build configuration list for PBXNativeTarget "MoonPhases" */ = {
			isa = XCConfigurationList;
			buildConfigurations = (
				A515FF882211CD2C0021267B /* Debug */,
				A515FF892211CD2C0021267B /* Release */,
			);
			defaultConfigurationIsVisible = 0;
			defaultConfigurationName = Release;
		};
		A515FF8A2211CD2C0021267B /* Build configuration list for PBXNativeTarget "MoonPhasesTests" */ = {
			isa = XCConfigurationList;
			buildConfigurations = (
				A515FF8B2211CD2C0021267B /* Debug */,
				A515FF8C2211CD2C0021267B /* Release */,
			);
			defaultConfigurationIsVisible = 0;
			defaultConfigurationName = Release;
		};
/* End XCConfigurationList section */
	};
	rootObject = A515FF622211CD2B0021267B /* Project object */;
}
